Microsoft Visual Studio Solution File, Format Version 12.00
# Visual Studio Version 17
VisualStudioVersion = 17.5.2.0
MinimumVisualStudioVersion = 10.0.40219.1
Project("{FAE04EC0-301F-11D3-BF4B-00C04F79EFBC}") = "AI-Bible-Chapter-Summary-Generator", "AI-Bible-Chapter-Summary-Generator.csproj", "{06305EFE-A783-55ED-4428-CEF04E9854CF}"
EndProject
Global
	GlobalSection(SolutionConfigurationPlatforms) = preSolution
		Debug|Any CPU = Debug|Any CPU
		Release|Any CPU = Release|Any CPU
	EndGlobalSection
	GlobalSection(ProjectConfigurationPlatforms) = postSolution
		{06305EFE-A783-55ED-4428-CEF04E9854CF}.Debug|Any CPU.ActiveCfg = Debug|Any CPU
		{06305EFE-A783-55ED-4428-CEF04E9854CF}.Debug|Any CPU.Build.0 = Debug|Any CPU
		{06305EFE-A783-55ED-4428-CEF04E9854CF}.Release|Any CPU.ActiveCfg = Release|Any CPU
		{06305EFE-A783-55ED-4428-CEF04E9854CF}.Release|Any CPU.Build.0 = Release|Any CPU
	EndGlobalSection
	GlobalSection(SolutionProperties) = preSolution
		HideSolutionNode = FALSE
	EndGlobalSection
	GlobalSection(ExtensibilityGlobals) = postSolution
		SolutionGuid = {21A193DA-E58B-48E2-BFB0-71C0472C6A5B}
	EndGlobalSection
EndGlobal
